
Microsoft Visual Studio Solution File, Format Version 12.00
# Visual Studio Version 16
VisualStudioVersion = 16.0.34902.97
MinimumVisualStudioVersion = 10.0.40219.1
Project("{8BC9CEB8-8B4A-11D0-8D11-00A0C91BC942}") = "Hotelmanagementsystemv2", "Hotelmanagementsystemv2\Hotelmanagementsystemv2.vcxproj", "{690ED64A-78AB-4397-9F2A-931C6CB5A707}"
EndProject
Global
	GlobalSection(SolutionConfigurationPlatforms) = preSolution
		Debug|x64 = Debug|x64
		Debug|x86 = Debug|x86
		Release|x64 = Release|x64
		Release|x86 = Release|x86
	EndGlobalSection
	GlobalSection(ProjectConfigurationPlatforms) = postSolution
		{690ED64A-78AB-4397-9F2A-931C6CB5A707}.Debug|x64.ActiveCfg = Debug|x64
		{690ED64A-78AB-4397-9F2A-931C6CB5A707}.Debug|x64.Build.0 = Debug|x64
		{690ED64A-78AB-4397-9F2A-931C6CB5A707}.Debug|x86.ActiveCfg = Debug|x64
		{690ED64A-78AB-4397-9F2A-931C6CB5A707}.Debug|x86.Build.0 = Debug|x64
		{690ED64A-78AB-4397-9F2A-931C6CB5A707}.Release|x64.ActiveCfg = Release|x64
		{690ED64A-78AB-4397-9F2A-931C6CB5A707}.Release|x64.Build.0 = Release|x64
		{690ED64A-78AB-4397-9F2A-931C6CB5A707}.Release|x86.ActiveCfg = Release|Win32
		{690ED64A-78AB-4397-9F2A-931C6CB5A707}.Release|x86.Build.0 = Release|Win32
	EndGlobalSection
	GlobalSection(SolutionProperties) = preSolution
		HideSolutionNode = FALSE
	EndGlobalSection
	GlobalSection(ExtensibilityGlobals) = postSolution
		SolutionGuid = {F77150B7-D291-4E0E-9D7B-BA18945CF93E}
	EndGlobalSection
EndGlobal
